{
  "name": "multiserver-dht",
  "version": "3.3.1",
  "lockfileVersion": 1,
  "requires": true,
  "dependencies": {
    "balanced-match": {
      "version": "1.0.0",
      "resolved": "https://registry.npmjs.org/balanced-match/-/balanced-match-1.0.0.tgz",
      "integrity": "sha1-ibTRmasr7kneFk6gK4nORi1xt2c=",
      "dev": true
    },
    "bencode": {
      "version": "1.0.0",
      "resolved": "https://registry.npmjs.org/bencode/-/bencode-1.0.0.tgz",
      "integrity": "sha512-N+VOSP5MkoX+xgnp6Y056iCY5TmCZg9rgPNPQe0bIiXchxYFP4vs/Tf0dTdQ+qQhP7HM2gvfFq+sUVjQsGy5Zw==",
      "requires": {
        "safe-buffer": "5.1.1"
      }
    },
    "bittorrent-dht": {
      "version": "7.10.0",
      "resolved": "https://registry.npmjs.org/bittorrent-dht/-/bittorrent-dht-7.10.0.tgz",
      "integrity": "sha512-fvb6M58Ceiv/S94nu6zeaiMoJvUYOeIqRbgaClm+kJTzCAqJPtAR/31pXNYB5iEReOoKqQB5zY33gY0W6ZRWQQ==",
      "requires": {
        "bencode": "1.0.0",
        "buffer-equals": "1.0.4",
        "debug": "3.1.0",
        "inherits": "2.0.3",
        "k-bucket": "3.3.1",
        "k-rpc": "4.3.1",
        "lru": "3.1.0",
        "randombytes": "2.0.6",
        "safe-buffer": "5.1.1",
        "simple-sha1": "2.1.0"
      },
      "dependencies": {
        "debug": {
          "version": "3.1.0",
          "resolved": "https://registry.npmjs.org/debug/-/debug-3.1.0.tgz",
          "integrity": "sha512-OX8XqP7/1a9cqkxYw2yXss15f26NKWBpDXQd0/uK/KPqdQhxbPa994hnzjcE2VqQpDslf55723cKPUOGSmMY3g==",
          "requires": {
            "ms": "2.0.0"
          }
        }
      }
    },
    "brace-expansion": {
      "version": "1.1.11",
      "resolved": "https://registry.npmjs.org/brace-expansion/-/brace-expansion-1.1.11.tgz",
      "integrity": "sha512-iCuPHDFgrHX7H2vEI/5xpz07zSHB00TpugqhmYtVmMO6518mCuRMoOYFldEBl0g187ufozdaHgWKcYFb61qGiA==",
      "dev": true,
      "requires": {
        "balanced-match": "1.0.0",
        "concat-map": "0.0.1"
      }
    },
    "buffer-equals": {
      "version": "1.0.4",
      "resolved": "https://registry.npmjs.org/buffer-equals/-/buffer-equals-1.0.4.tgz",
      "integrity": "sha1-A1O1T9B/2VZBcGca5vZrnPENJ/U="
    },
    "buffer-from": {
      "version": "1.0.0",
      "resolved": "https://registry.npmjs.org/buffer-from/-/buffer-from-1.0.0.tgz",
      "integrity": "sha512-83apNb8KK0Se60UE1+4Ukbe3HbfELJ6UlI4ldtOGs7So4KD26orJM8hIY9lxdzP+UpItH1Yh/Y8GUvNFWFFRxA=="
    },
    "chloride": {
      "version": "2.2.8",
      "resolved": "https://registry.npmjs.org/chloride/-/chloride-2.2.8.tgz",
      "integrity": "sha1-6/mos8qJp0R8NgOW2t+BfIqY1Zk=",
      "dev": true,
      "requires": {
        "is-electron": "2.1.0",
        "sodium-browserify": "1.2.1",
        "sodium-browserify-tweetnacl": "0.2.3",
        "sodium-chloride": "1.1.0",
        "sodium-native": "2.1.4"
      }
    },
    "chloride-test": {
      "version": "1.2.2",
      "resolved": "https://registry.npmjs.org/chloride-test/-/chloride-test-1.2.2.tgz",
      "integrity": "sha1-F4aGqF6SeARREulujHkXk/mhCuo=",
      "dev": true,
      "requires": {
        "json-buffer": "2.0.11"
      }
    },
    "circular-append-file": {
      "version": "1.0.1",
      "resolved": "https://registry.npmjs.org/circular-append-file/-/circular-append-file-1.0.1.tgz",
      "integrity": "sha512-BUDFvrBTCdeVhg9E05PX4XgMegk6xWB69uGwyuATEg7PMfa9lGU1mzFSK0xWNW2O0i9CAQHN0oIdXI/kI2hPkg==",
      "requires": {
        "multistream": "2.1.0"
      }
    },
    "concat-map": {
      "version": "0.0.1",
      "resolved": "https://registry.npmjs.org/concat-map/-/concat-map-0.0.1.tgz",
      "integrity": "sha1-2Klr13/Wjfd5OnMDajug1UBdR3s=",
      "dev": true
    },
    "connections": {
      "version": "1.4.2",
      "resolved": "https://registry.npmjs.org/connections/-/connections-1.4.2.tgz",
      "integrity": "sha1-eJBIK/XHGvbFyhkr4xNq7XRCiq0="
    },
    "core-util-is": {
      "version": "1.0.2",
      "resolved": "https://registry.npmjs.org/core-util-is/-/core-util-is-1.0.2.tgz",
      "integrity": "sha1-tf1UIgqivFq1eqtxQMlAdUUDwac="
    },
    "dat-swarm-defaults": {
      "version": "1.0.1",
      "resolved": "https://registry.npmjs.org/dat-swarm-defaults/-/dat-swarm-defaults-1.0.1.tgz",
      "integrity": "sha512-T2WlO7BVmN9USchefsP8entQiByIlJLGuzHLL9qEqOBkyKB8p0Y7XPWxP8dcL43+SkeoxU5NVe7O0bsi3xL8Jg==",
      "requires": {
        "xtend": "4.0.1"
      }
    },
    "debug": {
      "version": "2.6.9",
      "resolved": "https://registry.npmjs.org/debug/-/debug-2.6.9.tgz",
      "integrity": "sha512-bC7ElrdJaJnPbAP+1EotYvqZsb3ecl5wi6Bfi6BJTUcNowp6cvspg0jXznRTKDjm/E7AdgFBVeAPVMNcKGsHMA==",
      "requires": {
        "ms": "2.0.0"
      }
    },
    "deep-equal": {
      "version": "1.0.1",
      "resolved": "https://registry.npmjs.org/deep-equal/-/deep-equal-1.0.1.tgz",
      "integrity": "sha1-9dJgKStmDghO/0zbyfCK0yR0SLU=",
      "dev": true
    },
    "define-properties": {
      "version": "1.1.2",
      "resolved": "https://registry.npmjs.org/define-properties/-/define-properties-1.1.2.tgz",
      "integrity": "sha1-g6c/L+pWmJj7c3GTyPhzyvbUXJQ=",
      "dev": true,
      "requires": {
        "foreach": "2.0.5",
        "object-keys": "1.0.11"
      }
    },
    "defined": {
      "version": "1.0.0",
      "resolved": "https://registry.npmjs.org/defined/-/defined-1.0.0.tgz",
      "integrity": "sha1-yY2bzvdWdBiOEQlpFRGZ45sfppM=",
      "dev": true
    },
    "discovery-channel": {
      "version": "5.5.1",
      "resolved": "https://registry.npmjs.org/discovery-channel/-/discovery-channel-5.5.1.tgz",
      "integrity": "sha512-EEmZQFE0PiOsJj7G3KVCwFGbYs4QchUvzA91iHtZ6HfkIqfBEDSTGLygJrUlY1Tr77WDV+qZVrZuNghHxSL/vw==",
      "requires": {
        "bittorrent-dht": "7.10.0",
        "buffer-from": "1.0.0",
        "debug": "2.6.9",
        "dns-discovery": "6.1.0",
        "pretty-hash": "1.0.1",
        "thunky": "0.1.0"
      }
    },
    "discovery-swarm": {
      "version": "5.1.1",
      "resolved": "https://registry.npmjs.org/discovery-swarm/-/discovery-swarm-5.1.1.tgz",
      "integrity": "sha512-r38993qP/fcuAlNLSOwGZUps1inzNA4wXkIkv/piwFDseyIWNjYyk/4DHGxyf/bWMB86gPWIUdA6AhydkWmgdA==",
      "requires": {
        "buffer-equals": "1.0.4",
        "connections": "1.4.2",
        "debug": "2.6.9",
        "discovery-channel": "5.5.1",
        "length-prefixed-message": "3.0.3",
        "pump": "1.0.3",
        "to-buffer": "1.1.0",
        "utp-native": "1.7.0"
      }
    },
    "dns-discovery": {
      "version": "6.1.0",
      "resolved": "https://registry.npmjs.org/dns-discovery/-/dns-discovery-6.1.0.tgz",
      "integrity": "sha512-Kl2tL2zuNR1w6SnsoRaqrOFm7gGP3/i/HzRXtyVBqaOq/5L1D2TUdViUAZ8e/NDbt+jQCJFWoaKCnmDC343usQ==",
      "requires": {
        "circular-append-file": "1.0.1",
        "debug": "2.6.9",
        "dns-socket": "3.0.0",
        "lru": "2.0.1",
        "minimist": "1.2.0",
        "multicast-dns": "7.0.0",
        "network-address": "1.1.2",
        "pump": "3.0.0",
        "speedometer": "1.0.0",
        "unordered-set": "1.1.0"
      },
      "dependencies": {
        "lru": {
          "version": "2.0.1",
          "resolved": "https://registry.npmjs.org/lru/-/lru-2.0.1.tgz",
          "integrity": "sha1-+XmHHhYuP1yiVL5GhExT1MU2RUQ=",
          "requires": {
            "inherits": "2.0.3"
          }
        },
        "pump": {
          "version": "3.0.0",
          "resolved": "https://registry.npmjs.org/pump/-/pump-3.0.0.tgz",
          "integrity": "sha512-LwZy+p3SFs1Pytd/jYct4wpv49HiYCqd9Rlc5ZVdk0V+8Yzv6jR5Blk3TRmPL1ft69TxP0IMZGJ+WPFU2BFhww==",
          "requires": {
            "end-of-stream": "1.4.1",
            "once": "1.4.0"
          }
        }
      }
    },
    "dns-packet": {
      "version": "4.1.1",
      "resolved": "https://registry.npmjs.org/dns-packet/-/dns-packet-4.1.1.tgz",
      "integrity": "sha512-YwtiH6TWoXGIVHE/UgorccaS9qStav9yO5ToMy6R3MdCt1YBdiBRykTguTV7vfhHSnSsZzlZ1jNzGqP7VsKmEg==",
      "requires": {
        "ip": "1.1.5",
        "safe-buffer": "5.1.1"
      }
    },
    "dns-socket": {
      "version": "3.0.0",
      "resolved": "https://registry.npmjs.org/dns-socket/-/dns-socket-3.0.0.tgz",
      "integrity": "sha512-M0WkByoJ/mTm+HtwBQLsRJPe5uGIC/lYVOp+s6ZzhbZ5iq4GxjFyxYPQhB85dgCLvVb43aJQXHDC9aUgyKGc/Q==",
      "requires": {
        "dns-packet": "4.1.1"
      }
    },
    "ed2curve": {
      "version": "0.1.4",
      "resolved": "https://registry.npmjs.org/ed2curve/-/ed2curve-0.1.4.tgz",
      "integrity": "sha1-lKRCSLuH2jXbDv968KpXYWgRf1k=",
      "dev": true,
      "requires": {
        "tweetnacl": "0.14.5"
      }
    },
    "end-of-stream": {
      "version": "1.4.1",
      "resolved": "https://registry.npmjs.org/end-of-stream/-/end-of-stream-1.4.1.tgz",
      "integrity": "sha512-1MkrZNvWTKCaigbn+W15elq2BB/L22nqrSY5DKlo3X6+vclJm8Bb5djXJBmEX6fS3+zCh/F4VBK5Z2KxJt4s2Q==",
      "requires": {
        "once": "1.4.0"
      }
    },
    "es-abstract": {
      "version": "1.11.0",
      "resolved": "https://registry.npmjs.org/es-abstract/-/es-abstract-1.11.0.tgz",
      "integrity": "sha512-ZnQrE/lXTTQ39ulXZ+J1DTFazV9qBy61x2bY071B+qGco8Z8q1QddsLdt/EF8Ai9hcWH72dWS0kFqXLxOxqslA==",
      "dev": true,
      "requires": {
        "es-to-primitive": "1.1.1",
        "function-bind": "1.1.1",
        "has": "1.0.1",
        "is-callable": "1.1.3",
        "is-regex": "1.0.4"
      }
    },
    "es-to-primitive": {
      "version": "1.1.1",
      "resolved": "https://registry.npmjs.org/es-to-primitive/-/es-to-primitive-1.1.1.tgz",
      "integrity": "sha1-RTVSSKiJeQNLZ5Lhm7gfK3l13Q0=",
      "dev": true,
      "requires": {
        "is-callable": "1.1.3",
        "is-date-object": "1.0.1",
        "is-symbol": "1.0.1"
      }
    },
    "for-each": {
      "version": "0.3.2",
      "resolved": "https://registry.npmjs.org/for-each/-/for-each-0.3.2.tgz",
      "integrity": "sha1-LEBFC5NI6X8oEyJZO6lnBLmr1NQ=",
      "dev": true,
      "requires": {
        "is-function": "1.0.1"
      }
    },
    "foreach": {
      "version": "2.0.5",
      "resolved": "https://registry.npmjs.org/foreach/-/foreach-2.0.5.tgz",
      "integrity": "sha1-C+4AUBiusmDQo6865ljdATbsG5k=",
      "dev": true
    },
    "fs.realpath": {
      "version": "1.0.0",
      "resolved": "https://registry.npmjs.org/fs.realpath/-/fs.realpath-1.0.0.tgz",
      "integrity": "sha1-FQStJSMVjKpA20onh8sBQRmU6k8=",
      "dev": true
    },
    "function-bind": {
      "version": "1.1.1",
      "resolved": "https://registry.npmjs.org/function-bind/-/function-bind-1.1.1.tgz",
      "integrity": "sha512-yIovAzMX49sF8Yl58fSCWJ5svSLuaibPxXQJFLmBObTuCr0Mf1KiPopGM9NiFjiYBCbfaa2Fh6breQ6ANVTI0A==",
      "dev": true
    },
    "glob": {
      "version": "7.1.2",
      "resolved": "https://registry.npmjs.org/glob/-/glob-7.1.2.tgz",
      "integrity": "sha512-MJTUg1kjuLeQCJ+ccE4Vpa6kKVXkPYJ2mOCQyUuKLcLQsdrMCpBPUi8qVE6+YuaJkozeA9NusTAw3hLr8Xe5EQ==",
      "dev": true,
      "requires": {
        "fs.realpath": "1.0.0",
        "inflight": "1.0.6",
        "inherits": "2.0.3",
        "minimatch": "3.0.4",
        "once": "1.4.0",
        "path-is-absolute": "1.0.1"
      }
    },
    "has": {
      "version": "1.0.1",
      "resolved": "https://registry.npmjs.org/has/-/has-1.0.1.tgz",
      "integrity": "sha1-hGFzP1OLCDfJNh45qauelwTcLyg=",
      "dev": true,
      "requires": {
        "function-bind": "1.1.1"
      }
    },
    "increment-buffer": {
      "version": "1.0.1",
      "resolved": "https://registry.npmjs.org/increment-buffer/-/increment-buffer-1.0.1.tgz",
      "integrity": "sha1-ZQdtdRidgIs5rROrW5WOBSFvng0=",
      "dev": true
    },
    "inflight": {
      "version": "1.0.6",
      "resolved": "https://registry.npmjs.org/inflight/-/inflight-1.0.6.tgz",
      "integrity": "sha1-Sb1jMdfQLQwJvJEKEHW6gWW1bfk=",
      "dev": true,
      "requires": {
        "once": "1.4.0",
        "wrappy": "1.0.2"
      }
    },
    "inherits": {
      "version": "2.0.3",
      "resolved": "https://registry.npmjs.org/inherits/-/inherits-2.0.3.tgz",
      "integrity": "sha1-Yzwsg+PaQqUC9SRmAiSA9CCCYd4="
    },
    "ini": {
      "version": "1.3.5",
      "resolved": "https://registry.npmjs.org/ini/-/ini-1.3.5.tgz",
      "integrity": "sha512-RZY5huIKCMRWDUqZlEi72f/lmXKMvuszcMBduliQ3nnWbx9X/ZBQO7DijMEYS9EhHBb2qacRUMtC7svLwe0lcw==",
      "dev": true,
      "optional": true
    },
    "ip": {
      "version": "1.1.5",
      "resolved": "https://registry.npmjs.org/ip/-/ip-1.1.5.tgz",
      "integrity": "sha1-vd7XARQpCCjAoDnnLvJfWq7ENUo="
    },
    "is-callable": {
      "version": "1.1.3",
      "resolved": "https://registry.npmjs.org/is-callable/-/is-callable-1.1.3.tgz",
      "integrity": "sha1-hut1OSgF3cM69xySoO7fdO52BLI=",
      "dev": true
    },
    "is-date-object": {
      "version": "1.0.1",
      "resolved": "https://registry.npmjs.org/is-date-object/-/is-date-object-1.0.1.tgz",
      "integrity": "sha1-mqIOtq7rv/d/vTPnTKAbM1gdOhY=",
      "dev": true
    },
    "is-electron": {
      "version": "2.1.0",
      "resolved": "https://registry.npmjs.org/is-electron/-/is-electron-2.1.0.tgz",
      "integrity": "sha512-dkg5xT383+M6zIbbXW/z7n2nz4SFUi2OSyhntnFYkRdtV+HVEfdjEK+5AWisfYgkpe3WYjTIuh7toaKmSfFVWw==",
      "dev": true
    },
    "is-function": {
      "version": "1.0.1",
      "resolved": "https://registry.npmjs.org/is-function/-/is-function-1.0.1.tgz",
      "integrity": "sha1-Es+5i2W1fdPRk6MSH19uL0N2ArU=",
      "dev": true
    },
    "is-regex": {
      "version": "1.0.4",
      "resolved": "https://registry.npmjs.org/is-regex/-/is-regex-1.0.4.tgz",
      "integrity": "sha1-VRdIm1RwkbCTDglWVM7SXul+lJE=",
      "dev": true,
      "requires": {
        "has": "1.0.1"
      }
    },
    "is-symbol": {
      "version": "1.0.1",
      "resolved": "https://registry.npmjs.org/is-symbol/-/is-symbol-1.0.1.tgz",
      "integrity": "sha1-PMWfAAJRlLarLjjbrmaJJWtmBXI=",
      "dev": true
    },
    "isarray": {
      "version": "1.0.0",
      "resolved": "https://registry.npmjs.org/isarray/-/isarray-1.0.0.tgz",
      "integrity": "sha1-u5NdSFgsuhaMBoNJV6VKPgcSTxE="
    },
    "json-buffer": {
      "version": "2.0.11",
      "resolved": "https://registry.npmjs.org/json-buffer/-/json-buffer-2.0.11.tgz",
      "integrity": "sha1-PkQf2jCYvo0eMXGtWRvGKjPi1V8=",
      "dev": true
    },
    "k-bucket": {
      "version": "3.3.1",
      "resolved": "https://registry.npmjs.org/k-bucket/-/k-bucket-3.3.1.tgz",
      "integrity": "sha512-kgwWqYT79rAahn4maIVTP8dIe+m1KulufWW+f1bB9DlZrRFiGpZ4iJOg2HUp4xJYBWONP3+rOPIWF/RXABU6mw==",
      "requires": {
        "buffer-equals": "1.0.4",
        "inherits": "2.0.3",
        "randombytes": "2.0.6"
      }
    },
    "k-rpc": {
      "version": "4.3.1",
      "resolved": "https://registry.npmjs.org/k-rpc/-/k-rpc-4.3.1.tgz",
      "integrity": "sha512-mgAJZeFYbpP0xzJzmS0TQTYoFI0sjy3GnKFhg8wyboL+KvWg2WLaA2Oy9PthLPx2Rxz4WeBMk4y3MSOrDJ95FA==",
      "requires": {
        "buffer-equals": "1.0.4",
        "k-bucket": "4.0.0",
        "k-rpc-socket": "1.8.0",
        "randombytes": "2.0.6",
        "safe-buffer": "5.1.1"
      },
      "dependencies": {
        "k-bucket": {
          "version": "4.0.0",
          "resolved": "https://registry.npmjs.org/k-bucket/-/k-bucket-4.0.0.tgz",
          "integrity": "sha512-E+rLflXOUTxgG29NLjTSNZEGt1hcvV0pZqyhbhpiPk888xk/H1uXXX07Bu2eakL4+UH6Vae4t/opJejgf5wQCQ==",
          "requires": {
            "inherits": "2.0.3",
            "randombytes": "2.0.6"
          }
        }
      }
    },
    "k-rpc-socket": {
      "version": "1.8.0",
      "resolved": "https://registry.npmjs.org/k-rpc-socket/-/k-rpc-socket-1.8.0.tgz",
      "integrity": "sha512-f/9TynsO8YYjZ6JjNNtSSH7CJcIHcio1buy3zqByGxb/GX8AWLdL6FZEWTrN8V3/J7W4/E0ZTQQ+Jt2rVq7ELg==",
      "requires": {
        "bencode": "2.0.0",
        "buffer-equals": "1.0.4",
        "safe-buffer": "5.1.1"
      },
      "dependencies": {
        "bencode": {
          "version": "2.0.0",
          "resolved": "https://registry.npmjs.org/bencode/-/bencode-2.0.0.tgz",
          "integrity": "sha512-wr2HwwrUpfB5c68zmAudOltC7rZ1G0+lQOcnuEcfIM3AWAVnB3rHI3nlgd/2CWTfQ3w3zagKt89zni/M+VLZ8g==",
          "requires": {
            "safe-buffer": "5.1.1"
          }
        }
      }
    },
    "length-prefixed-message": {
      "version": "3.0.3",
      "resolved": "https://registry.npmjs.org/length-prefixed-message/-/length-prefixed-message-3.0.3.tgz",
      "integrity": "sha1-JFR01pq8BhTco2jcNaqAdJgqI6w=",
      "requires": {
        "varint": "3.0.1"
      }
    },
    "libsodium": {
      "version": "0.2.12",
      "resolved": "https://registry.npmjs.org/libsodium/-/libsodium-0.2.12.tgz",
      "integrity": "sha1-gwg1ZNzwicuCpQNb6Sul0iSizN4=",
      "dev": true
    },
    "libsodium-wrappers": {
      "version": "0.2.12",
      "resolved": "https://registry.npmjs.org/libsodium-wrappers/-/libsodium-wrappers-0.2.12.tgz",
      "integrity": "sha1-UftQd0uO3FF5J7MHuBKkbDpGfh4=",
      "dev": true,
      "requires": {
        "libsodium": "0.2.12"
      }
    },
    "looper": {
      "version": "3.0.0",
      "resolved": "https://registry.npmjs.org/looper/-/looper-3.0.0.tgz",
      "integrity": "sha1-LvpUw7HLq6m5Su4uWRSwvlf7t0k="
    },
    "lru": {
      "version": "3.1.0",
      "resolved": "https://registry.npmjs.org/lru/-/lru-3.1.0.tgz",
      "integrity": "sha1-6n+4VG2DczOWoTCR12z+tMBoN9U=",
      "requires": {
        "inherits": "2.0.3"
      }
    },
    "minimatch": {
      "version": "3.0.4",
      "resolved": "https://registry.npmjs.org/minimatch/-/minimatch-3.0.4.tgz",
      "integrity": "sha512-yJHVQEhyqPLUTgt9B83PXu6W3rx4MvvHvSUvToogpwoGDOUQ+yDrR0HRot+yOCdCO7u4hX3pWft6kWBBcqh0UA==",
      "dev": true,
      "requires": {
        "brace-expansion": "1.1.11"
      }
    },
    "minimist": {
      "version": "1.2.0",
      "resolved": "https://registry.npmjs.org/minimist/-/minimist-1.2.0.tgz",
      "integrity": "sha1-o1AIsg9BOD7sH7kU9M1d95omQoQ="
    },
    "ms": {
      "version": "2.0.0",
      "resolved": "https://registry.npmjs.org/ms/-/ms-2.0.0.tgz",
      "integrity": "sha1-VgiurfwAvmwpAd9fmGF4jeDVl8g="
    },
    "multicast-dns": {
      "version": "7.0.0",
      "resolved": "https://registry.npmjs.org/multicast-dns/-/multicast-dns-7.0.0.tgz",
      "integrity": "sha512-BqB5TtIXHo+8gN33N1CA1clsvPsAJlnc6D49SzfQA0xq75cxj15g2y9NaRdf4x2u4v1P66PBC+Wg6YgPO5Bc/g==",
      "requires": {
        "dns-packet": "4.1.1",
        "thunky": "1.0.2"
      },
      "dependencies": {
        "thunky": {
          "version": "1.0.2",
          "resolved": "https://registry.npmjs.org/thunky/-/thunky-1.0.2.tgz",
          "integrity": "sha1-qGLgGOP7HqLsP85dVWBc9X8kc3E="
        }
      }
    },
    "multiserver": {
      "version": "1.13.4",
      "resolved": "https://registry.npmjs.org/multiserver/-/multiserver-1.13.4.tgz",
      "integrity": "sha512-4d2yOvaUhzVMRS7uto2DBdX9q2Q5XFQRfXDJNcQ3rY+ZfF21TOUMpyZ+UE1HK0NhguzmZkk/hWf3oGDzVoR6aQ==",
      "dev": true,
      "requires": {
        "pull-cat": "1.1.11",
        "pull-stream": "3.6.9",
        "pull-ws": "3.3.0",
        "secret-handshake": "1.1.12",
        "separator-escape": "0.0.0",
        "socks": "2.2.1",
        "stream-to-pull-stream": "1.7.2"
      },
      "dependencies": {
        "smart-buffer": {
          "version": "4.0.1",
          "resolved": "https://registry.npmjs.org/smart-buffer/-/smart-buffer-4.0.1.tgz",
          "integrity": "sha512-RFqinRVJVcCAL9Uh1oVqE6FZkqsyLiVOYEZ20TqIOjuX7iFVJ+zsbs4RIghnw/pTs7mZvt8ZHhvm1ZUrR4fykg==",
          "dev": true
        },
        "socks": {
          "version": "2.2.1",
          "resolved": "https://registry.npmjs.org/socks/-/socks-2.2.1.tgz",
          "integrity": "sha512-0GabKw7n9mI46vcNrVfs0o6XzWzjVa3h6GaSo2UPxtWAROXUWavfJWh1M4PR5tnE0dcnQXZIDFP4yrAysLze/w==",
          "dev": true,
          "requires": {
            "ip": "1.1.5",
            "smart-buffer": "4.0.1"
          }
        }
      }
    },
    "multistream": {
      "version": "2.1.0",
      "resolved": "https://registry.npmjs.org/multistream/-/multistream-2.1.0.tgz",
      "integrity": "sha1-YlwmfVxEQkrWKUeItbtNo9yzLx0=",
      "requires": {
        "inherits": "2.0.3",
        "readable-stream": "2.3.5"
      }
    },
    "nan": {
      "version": "2.10.0",
      "resolved": "https://registry.npmjs.org/nan/-/nan-2.10.0.tgz",
      "integrity": "sha512-bAdJv7fBLhWC+/Bls0Oza+mvTaNQtP+1RyhhhvD95pgUJz6XM5IzgmxOkItJ9tkoCiplvAnXI1tNmmUD/eScyA==",
      "optional": true
    },
    "network-address": {
      "version": "1.1.2",
      "resolved": "https://registry.npmjs.org/network-address/-/network-address-1.1.2.tgz",
      "integrity": "sha1-Sqe/1D8D8LgclwKxPWqFjdsybz4="
    },
    "node-gyp-build": {
      "version": "3.3.0",
      "resolved": "https://registry.npmjs.org/node-gyp-build/-/node-gyp-build-3.3.0.tgz",
      "integrity": "sha512-SNtBzznpPggc7mY8XTfnYBywd9OGN99bwnxGKFqud9erYJMbwnJn6B8HXER2dy8iOYr6Nf2SzBQoJjV8gdM4Nw==",
      "optional": true
    },
    "object-inspect": {
      "version": "1.5.0",
      "resolved": "https://registry.npmjs.org/object-inspect/-/object-inspect-1.5.0.tgz",
      "integrity": "sha512-UmOFbHbwvv+XHj7BerrhVq+knjceBdkvU5AriwLMvhv2qi+e7DJzxfBeFpILEjVzCp+xA+W/pIf06RGPWlZNfw==",
      "dev": true
    },
    "object-keys": {
      "version": "1.0.11",
      "resolved": "https://registry.npmjs.org/object-keys/-/object-keys-1.0.11.tgz",
      "integrity": "sha1-xUYBd4rVYPEULODgG8yotW0TQm0=",
      "dev": true
    },
    "once": {
      "version": "1.4.0",
      "resolved": "https://registry.npmjs.org/once/-/once-1.4.0.tgz",
      "integrity": "sha1-WDsap3WWHUsROsF9nFC6753Xa9E=",
      "requires": {
        "wrappy": "1.0.2"
      }
    },
    "options": {
      "version": "0.0.6",
      "resolved": "https://registry.npmjs.org/options/-/options-0.0.6.tgz",
      "integrity": "sha1-7CLTEoBrtT5zF3Pnza788cZDEo8=",
      "dev": true
    },
    "path-is-absolute": {
      "version": "1.0.1",
      "resolved": "https://registry.npmjs.org/path-is-absolute/-/path-is-absolute-1.0.1.tgz",
      "integrity": "sha1-F0uSaHNVNP+8es5r9TpanhtcX18=",
      "dev": true
    },
    "path-parse": {
      "version": "1.0.5",
      "resolved": "https://registry.npmjs.org/path-parse/-/path-parse-1.0.5.tgz",
      "integrity": "sha1-PBrfhx6pzWyUMbbqK9dKD/BVxME=",
      "dev": true
    },
    "pretty-hash": {
      "version": "1.0.1",
      "resolved": "https://registry.npmjs.org/pretty-hash/-/pretty-hash-1.0.1.tgz",
      "integrity": "sha1-FuBXkYje9WvbVliSvNBaXWUySAc="
    },
    "process-nextick-args": {
      "version": "2.0.0",
      "resolved": "https://registry.npmjs.org/process-nextick-args/-/process-nextick-args-2.0.0.tgz",
      "integrity": "sha512-MtEC1TqN0EU5nephaJ4rAtThHtC86dNN9qCuEhtshvpVBkAW5ZO7BASN9REnF9eoXGcRub+pFuKEpOHE+HbEMw=="
    },
    "pull-box-stream": {
      "version": "1.0.13",
      "resolved": "https://registry.npmjs.org/pull-box-stream/-/pull-box-stream-1.0.13.tgz",
      "integrity": "sha1-w+JAOY6rP1lRsu0QeMWYi/egork=",
      "dev": true,
      "requires": {
        "chloride": "2.2.8",
        "increment-buffer": "1.0.1",
        "pull-reader": "1.2.9",
        "pull-stream": "3.6.9",
        "pull-through": "1.0.18",
        "split-buffer": "1.0.0"
      }
    },
    "pull-cat": {
      "version": "1.1.11",
      "resolved": "https://registry.npmjs.org/pull-cat/-/pull-cat-1.1.11.tgz",
      "integrity": "sha1-tkLdElXaN2pwa220+pYvX9t0wxs=",
      "dev": true
    },
    "pull-handshake": {
      "version": "1.1.4",
      "resolved": "https://registry.npmjs.org/pull-handshake/-/pull-handshake-1.1.4.tgz",
      "integrity": "sha1-YACg/QGIhM39c3JU+Mxgqypjd5E=",
      "dev": true,
      "requires": {
        "pull-cat": "1.1.11",
        "pull-pair": "1.1.0",
        "pull-pushable": "2.2.0",
        "pull-reader": "1.2.9"
      }
    },
    "pull-pair": {
      "version": "1.1.0",
      "resolved": "https://registry.npmjs.org/pull-pair/-/pull-pair-1.1.0.tgz",
      "integrity": "sha1-fuQnJj/fTaglOXrAoF4atLdL120=",
      "dev": true
    },
    "pull-pushable": {
      "version": "2.2.0",
      "resolved": "https://registry.npmjs.org/pull-pushable/-/pull-pushable-2.2.0.tgz",
      "integrity": "sha1-Xy867UethpGfAbEqLpnW8b13ZYE=",
      "dev": true
    },
    "pull-reader": {
      "version": "1.2.9",
      "resolved": "https://registry.npmjs.org/pull-reader/-/pull-reader-1.2.9.tgz",
      "integrity": "sha1-0umtALz7VOYqpm1Cwtu8tetoQ7A=",
      "dev": true
    },
    "pull-stream": {
      "version": "3.6.9",
      "resolved": "https://registry.npmjs.org/pull-stream/-/pull-stream-3.6.9.tgz",
      "integrity": "sha512-hJn4POeBrkttshdNl0AoSCVjMVSuBwuHocMerUdoZ2+oIUzrWHFTwJMlbHND7OiKLVgvz6TFj8ZUVywUMXccbw=="
    },
    "pull-through": {
      "version": "1.0.18",
      "resolved": "https://registry.npmjs.org/pull-through/-/pull-through-1.0.18.tgz",
      "integrity": "sha1-jdYjFCY+Wc9Qlur7sSeitu8xBzU=",
      "dev": true,
      "requires": {
        "looper": "3.0.0"
      }
    },
    "pull-ws": {
      "version": "3.3.0",
      "resolved": "https://registry.npmjs.org/pull-ws/-/pull-ws-3.3.0.tgz",
      "integrity": "sha1-4cQ+9AMyFn3YEg71nt9+iSvqSq4=",
      "dev": true,
      "requires": {
        "relative-url": "1.0.2",
        "safe-buffer": "5.1.1",
        "ws": "1.1.5"
      }
    },
    "pump": {
      "version": "1.0.3",
      "resolved": "https://registry.npmjs.org/pump/-/pump-1.0.3.tgz",
      "integrity": "sha512-8k0JupWme55+9tCVE+FS5ULT3K6AbgqrGa58lTT49RpyfwwcGedHqaC5LlQNdEAumn/wFsu6aPwkuPMioy8kqw==",
      "requires": {
        "end-of-stream": "1.4.1",
        "once": "1.4.0"
      }
    },
    "randombytes": {
      "version": "2.0.6",
      "resolved": "https://registry.npmjs.org/randombytes/-/randombytes-2.0.6.tgz",
      "integrity": "sha512-CIQ5OFxf4Jou6uOKe9t1AOgqpeU5fd70A8NPdHSGeYXqXsPe6peOwI0cUl88RWZ6sP1vPMV3avd/R6cZ5/sP1A==",
      "requires": {
        "safe-buffer": "5.1.1"
      }
    },
    "readable-stream": {
      "version": "2.3.5",
      "resolved": "https://registry.npmjs.org/readable-stream/-/readable-stream-2.3.5.tgz",
      "integrity": "sha512-tK0yDhrkygt/knjowCUiWP9YdV7c5R+8cR0r/kt9ZhBU906Fs6RpQJCEilamRJj1Nx2rWI6LkW9gKqjTkshhEw==",
      "requires": {
        "core-util-is": "1.0.2",
        "inherits": "2.0.3",
        "isarray": "1.0.0",
        "process-nextick-args": "2.0.0",
        "safe-buffer": "5.1.1",
        "string_decoder": "1.0.3",
        "util-deprecate": "1.0.2"
      }
    },
    "relative-url": {
      "version": "1.0.2",
      "resolved": "https://registry.npmjs.org/relative-url/-/relative-url-1.0.2.tgz",
      "integrity": "sha1-0hxSpy1gYQGLzun5yfwQa/fWUoc=",
      "dev": true
    },
    "resolve": {
      "version": "1.5.0",
      "resolved": "https://registry.npmjs.org/resolve/-/resolve-1.5.0.tgz",
      "integrity": "sha512-hgoSGrc3pjzAPHNBg+KnFcK2HwlHTs/YrAGUr6qgTVUZmXv1UEXXl0bZNBKMA9fud6lRYFdPGz0xXxycPzmmiw==",
      "dev": true,
      "requires": {
        "path-parse": "1.0.5"
      }
    },
    "resumer": {
      "version": "0.0.0",
      "resolved": "https://registry.npmjs.org/resumer/-/resumer-0.0.0.tgz",
      "integrity": "sha1-8ej0YeQGS6Oegq883CqMiT0HZ1k=",
      "dev": true,
      "requires": {
        "through": "2.3.8"
      }
    },
    "rusha": {
      "version": "0.8.13",
      "resolved": "https://registry.npmjs.org/rusha/-/rusha-0.8.13.tgz",
      "integrity": "sha1-mghOe4YLF7/zAVuSxnpqM2GRUTo="
    },
    "safe-buffer": {
      "version": "5.1.1",
      "resolved": "https://registry.npmjs.org/safe-buffer/-/safe-buffer-5.1.1.tgz",
      "integrity": "sha512-kKvNJn6Mm93gAczWVJg7wH+wGYWNrDHdWvpUmHyEsgCtIwwo3bqPtV4tR5tuPaUhTOo/kvhVwd8XwwOllGYkbg=="
    },
    "secret-handshake": {
      "version": "1.1.12",
      "resolved": "https://registry.npmjs.org/secret-handshake/-/secret-handshake-1.1.12.tgz",
      "integrity": "sha512-5K2rx7QLBOz/JFAWGevU0JsoeC/0PZufSFJPqxQefZSdhMmB2aO16CJ9rwfnAzwMZMGrM+F2/ljXTP9wHp4GlA==",
      "dev": true,
      "requires": {
        "chloride": "2.2.8",
        "deep-equal": "1.0.1",
        "pull-box-stream": "1.0.13",
        "pull-handshake": "1.1.4",
        "pull-stream": "3.6.9"
      }
    },
    "separator-escape": {
      "version": "0.0.0",
      "resolved": "https://registry.npmjs.org/separator-escape/-/separator-escape-0.0.0.tgz",
      "integrity": "sha1-5DNnaTICBFTjwUhwxRfqHeVsL6Q=",
      "dev": true
    },
    "sha.js": {
      "version": "2.4.5",
      "resolved": "https://registry.npmjs.org/sha.js/-/sha.js-2.4.5.tgz",
      "integrity": "sha1-J9Fx78yCoRi5ljn/WBZgJCtQbnw=",
      "dev": true,
      "requires": {
        "inherits": "2.0.3"
      }
    },
    "simple-sha1": {
      "version": "2.1.0",
      "resolved": "https://registry.npmjs.org/simple-sha1/-/simple-sha1-2.1.0.tgz",
      "integrity": "sha1-lCe7lv8SY8wQqEFM7dUaGLkZ6LM=",
      "requires": {
        "rusha": "0.8.13"
      }
    },
    "sodium-browserify": {
      "version": "1.2.1",
      "resolved": "https://registry.npmjs.org/sodium-browserify/-/sodium-browserify-1.2.1.tgz",
      "integrity": "sha1-sLVZyjaYFnkIUhSFXiZkXfZ6rxw=",
      "dev": true,
      "requires": {
        "libsodium-wrappers": "0.2.12",
        "sha.js": "2.4.5",
        "tweetnacl": "0.14.5"
      }
    },
    "sodium-browserify-tweetnacl": {
      "version": "0.2.3",
      "resolved": "https://registry.npmjs.org/sodium-browserify-tweetnacl/-/sodium-browserify-tweetnacl-0.2.3.tgz",
      "integrity": "sha1-tVN//LufdOvEQ7i2ohGykej8vI4=",
      "dev": true,
      "requires": {
        "chloride-test": "1.2.2",
        "ed2curve": "0.1.4",
        "sha.js": "2.4.11",
        "tweetnacl": "0.14.5",
        "tweetnacl-auth": "0.3.1"
      },
      "dependencies": {
        "sha.js": {
          "version": "2.4.11",
          "resolved": "https://registry.npmjs.org/sha.js/-/sha.js-2.4.11.tgz",
          "integrity": "sha512-QMEp5B7cftE7APOjk5Y6xgrbWu+WkLVQwk8JNjZ8nKRciZaByEW6MubieAiToS7+dwvrjGhH8jRXz3MVd0AYqQ==",
          "dev": true,
          "requires": {
            "inherits": "2.0.3",
            "safe-buffer": "5.1.1"
          }
        }
      }
    },
    "sodium-chloride": {
      "version": "1.1.0",
      "resolved": "https://registry.npmjs.org/sodium-chloride/-/sodium-chloride-1.1.0.tgz",
      "integrity": "sha1-JHojS4iGf23/UTMrYF8ZOmW/aDk=",
      "dev": true
    },
    "sodium-native": {
      "version": "2.1.4",
      "resolved": "https://registry.npmjs.org/sodium-native/-/sodium-native-2.1.4.tgz",
      "integrity": "sha512-EiCWFVWp1useIOg+S4YZOsNv16dN+2J6RI2PKDiubhyrcP/YjK5O9XswkuEZUpgL0UMZb3S+u/J1eu9iXq412g==",
      "dev": true,
      "optional": true,
      "requires": {
        "ini": "1.3.5",
        "nan": "2.10.0",
        "node-gyp-build": "3.3.0"
      }
    },
    "speedometer": {
      "version": "1.0.0",
      "resolved": "https://registry.npmjs.org/speedometer/-/speedometer-1.0.0.tgz",
      "integrity": "sha1-zWccsGdSwivKM3Di8zREC+T8YuI="
    },
    "split-buffer": {
      "version": "1.0.0",
      "resolved": "https://registry.npmjs.org/split-buffer/-/split-buffer-1.0.0.tgz",
      "integrity": "sha1-t+jgq1E0UVi3LB9tvvJAbVHx0Cc=",
      "dev": true
    },
    "stream-to-pull-stream": {
      "version": "1.7.2",
      "resolved": "https://registry.npmjs.org/stream-to-pull-stream/-/stream-to-pull-stream-1.7.2.tgz",
      "integrity": "sha1-dXYJrhzr0zx0MtSvvjH/eGULnd4=",
      "requires": {
        "looper": "3.0.0",
        "pull-stream": "3.6.9"
      }
    },
    "string.prototype.trim": {
      "version": "1.1.2",
      "resolved": "https://registry.npmjs.org/string.prototype.trim/-/string.prototype.trim-1.1.2.tgz",
      "integrity": "sha1-0E3iyJ4Tf019IG8Ia17S+ua+jOo=",
      "dev": true,
      "requires": {
        "define-properties": "1.1.2",
        "es-abstract": "1.11.0",
        "function-bind": "1.1.1"
      }
    },
    "string_decoder": {
      "version": "1.0.3",
      "resolved": "https://registry.npmjs.org/string_decoder/-/string_decoder-1.0.3.tgz",
      "integrity": "sha512-4AH6Z5fzNNBcH+6XDMfA/BTt87skxqJlO0lAh3Dker5zThcAxG6mKz+iGu308UKoPPQ8Dcqx/4JhujzltRa+hQ==",
      "requires": {
        "safe-buffer": "5.1.1"
      }
    },
    "tape": {
      "version": "4.9.0",
      "resolved": "https://registry.npmjs.org/tape/-/tape-4.9.0.tgz",
      "integrity": "sha512-j0jO9BiScfqtPBb9QmPLL0qvxXMz98xjkMb7x8lKipFlJZwNJkqkWPou+NU4V6T9RnVh1kuSthLE8gLrN8bBfw==",
      "dev": true,
      "requires": {
        "deep-equal": "1.0.1",
        "defined": "1.0.0",
        "for-each": "0.3.2",
        "function-bind": "1.1.1",
        "glob": "7.1.2",
        "has": "1.0.1",
        "inherits": "2.0.3",
        "minimist": "1.2.0",
        "object-inspect": "1.5.0",
        "resolve": "1.5.0",
        "resumer": "0.0.0",
        "string.prototype.trim": "1.1.2",
        "through": "2.3.8"
      }
    },
    "through": {
      "version": "2.3.8",
      "resolved": "https://registry.npmjs.org/through/-/through-2.3.8.tgz",
      "integrity": "sha1-DdTJ/6q8NXlgsbckEV1+Doai4fU=",
      "dev": true
    },
    "thunky": {
      "version": "0.1.0",
      "resolved": "https://registry.npmjs.org/thunky/-/thunky-0.1.0.tgz",
      "integrity": "sha1-vzAUaCTituZ7Dy16Ssi+smkIaE4="
    },
    "to-buffer": {
      "version": "1.1.0",
      "resolved": "https://registry.npmjs.org/to-buffer/-/to-buffer-1.1.0.tgz",
      "integrity": "sha1-N1vAPtrlw1qPoLP+laHzmF2x3Po="
    },
    "tweetnacl": {
      "version": "0.14.5",
      "resolved": "https://registry.npmjs.org/tweetnacl/-/tweetnacl-0.14.5.tgz",
      "integrity": "sha1-WuaBd/GS1EViadEIr6k/+HQ/T2Q=",
      "dev": true
    },
    "tweetnacl-auth": {
      "version": "0.3.1",
      "resolved": "https://registry.npmjs.org/tweetnacl-auth/-/tweetnacl-auth-0.3.1.tgz",
      "integrity": "sha1-t1vC3xVkm7hOi5qjwGacbEvODSU=",
      "dev": true,
      "requires": {
        "tweetnacl": "0.14.5"
      }
    },
    "ultron": {
      "version": "1.0.2",
      "resolved": "https://registry.npmjs.org/ultron/-/ultron-1.0.2.tgz",
      "integrity": "sha1-rOEWq1V80Zc4ak6I9GhTeMiy5Po=",
      "dev": true
    },
    "unordered-set": {
      "version": "1.1.0",
      "resolved": "https://registry.npmjs.org/unordered-set/-/unordered-set-1.1.0.tgz",
      "integrity": "sha1-K6fvMW7dC5WQzFR8dPdqLxZP7Mo="
    },
    "util-deprecate": {
      "version": "1.0.2",
      "resolved": "https://registry.npmjs.org/util-deprecate/-/util-deprecate-1.0.2.tgz",
      "integrity": "sha1-RQ1Nyfpw3nMnYvvS1KKJgUGaDM8="
    },
    "utp-native": {
      "version": "1.7.0",
      "resolved": "https://registry.npmjs.org/utp-native/-/utp-native-1.7.0.tgz",
      "integrity": "sha512-34NYDBJdTzOk/DwuEgE2vS1krfYihj4BiiZGjgfN2j8CzjhZeumXW63hwi8bneXU8fymUajRQIR4A4opXzEGWg==",
      "optional": true,
      "requires": {
        "nan": "2.10.0",
        "node-gyp-build": "3.3.0",
        "readable-stream": "2.3.5"
      }
    },
    "varint": {
      "version": "3.0.1",
      "resolved": "https://registry.npmjs.org/varint/-/varint-3.0.1.tgz",
      "integrity": "sha1-nT9T4DbAqxIACnS8LSTL8JOlgdk="
    },
    "wrappy": {
      "version": "1.0.2",
      "resolved": "https://registry.npmjs.org/wrappy/-/wrappy-1.0.2.tgz",
      "integrity": "sha1-tSQ9jz7BqjXxNkYFvA0QNuMKtp8="
    },
    "ws": {
      "version": "1.1.5",
      "resolved": "https://registry.npmjs.org/ws/-/ws-1.1.5.tgz",
      "integrity": "sha512-o3KqipXNUdS7wpQzBHSe180lBGO60SoK0yVo3CYJgb2MkobuWuBX6dhkYP5ORCLd55y+SaflMOV5fqAB53ux4w==",
      "dev": true,
      "requires": {
        "options": "0.0.6",
        "ultron": "1.0.2"
      }
    },
    "xtend": {
      "version": "4.0.1",
      "resolved": "https://registry.npmjs.org/xtend/-/xtend-4.0.1.tgz",
      "integrity": "sha1-pcbVMr5lbiPbgg77lDofBJmNY68="
    }
  }
}
